
Microsoft Visual Studio Solution File, Format Version 12.00
# Visual Studio Version 16
VisualStudioVersion = 16.0.29519.161
MinimumVisualStudioVersion = 10.0.40219.1
Project("{9A19103F-16F7-4668-BE54-9A1E7A4F7556}") = "StrongRecursion", "src\StrongRecursion\StrongRecursion.csproj", "{F38E0B1E-0595-4661-8204-F2E9E046AC2C}"
EndProject
Project("{9A19103F-16F7-4668-BE54-9A1E7A4F7556}") = "ConventionalRecursion", "src\ConventionalRecursion\ConventionalRecursion.csproj", "{16CC6367-45C5-4DB3-B45F-7A0B7C791651}"
EndProject
Project("{9A19103F-16F7-4668-BE54-9A1E7A4F7556}") = "StrongRecursion.Test", "tests\StrongRecursion.Test\StrongRecursion.Test.csproj", "{714F5967-D0EF-4A0C-AE6E-88D37515E246}"
EndProject
Project("{FAE04EC0-301F-11D3-BF4B-00C04F79EFBC}") = "Common", "lib\Common\Common.csproj", "{954757FC-47A0-4BDF-926C-66AD25201521}"
EndProject
Global
	GlobalSection(SolutionConfigurationPlatforms) = preSolution
		Debug|Any CPU = Debug|Any CPU
		Release|Any CPU = Release|Any CPU
	EndGlobalSection
	GlobalSection(ProjectConfigurationPlatforms) = postSolution
		{F38E0B1E-0595-4661-8204-F2E9E046AC2C}.Debug|Any CPU.ActiveCfg = Debug|Any CPU
		{F38E0B1E-0595-4661-8204-F2E9E046AC2C}.Debug|Any CPU.Build.0 = Debug|Any CPU
		{F38E0B1E-0595-4661-8204-F2E9E046AC2C}.Release|Any CPU.ActiveCfg = Release|Any CPU
		{F38E0B1E-0595-4661-8204-F2E9E046AC2C}.Release|Any CPU.Build.0 = Release|Any CPU
		{16CC6367-45C5-4DB3-B45F-7A0B7C791651}.Debug|Any CPU.ActiveCfg = Release|Any CPU
		{16CC6367-45C5-4DB3-B45F-7A0B7C791651}.Debug|Any CPU.Build.0 = Release|Any CPU
		{16CC6367-45C5-4DB3-B45F-7A0B7C791651}.Release|Any CPU.ActiveCfg = Release|Any CPU
		{16CC6367-45C5-4DB3-B45F-7A0B7C791651}.Release|Any CPU.Build.0 = Release|Any CPU
		{714F5967-D0EF-4A0C-AE6E-88D37515E246}.Debug|Any CPU.ActiveCfg = Debug|Any CPU
		{714F5967-D0EF-4A0C-AE6E-88D37515E246}.Debug|Any CPU.Build.0 = Debug|Any CPU
		{714F5967-D0EF-4A0C-AE6E-88D37515E246}.Release|Any CPU.ActiveCfg = Release|Any CPU
		{714F5967-D0EF-4A0C-AE6E-88D37515E246}.Release|Any CPU.Build.0 = Release|Any CPU
		{954757FC-47A0-4BDF-926C-66AD25201521}.Debug|Any CPU.ActiveCfg = Debug|Any CPU
		{954757FC-47A0-4BDF-926C-66AD25201521}.Debug|Any CPU.Build.0 = Debug|Any CPU
		{954757FC-47A0-4BDF-926C-66AD25201521}.Release|Any CPU.ActiveCfg = Release|Any CPU
		{954757FC-47A0-4BDF-926C-66AD25201521}.Release|Any CPU.Build.0 = Release|Any CPU
	EndGlobalSection
	GlobalSection(SolutionProperties) = preSolution
		HideSolutionNode = FALSE
	EndGlobalSection
	GlobalSection(ExtensibilityGlobals) = postSolution
		SolutionGuid = {9AAA0A50-27D3-41CC-B605-DC428CB0417D}
	EndGlobalSection
EndGlobal
